// !$*UTF8*$!
{
	archiveVersion = 1;
	classes = {
	};
	objectVersion = 52;
	objects = {

/* Begin PBXBuildFile section */
		A81ACB8926AF2F4500C17F30 /* MapView.swift in Sources */ = {isa = PBXBuildFile; fileRef = A81ACB8826AF2F4500C17F30 /* MapView.swift */; };
		A81ACB8B26AF2F4F00C17F30 /* CalculatorView.swift in Sources */ = {isa = PBXBuildFile; fileRef = A81ACB8A26AF2F4F00C17F30 /* CalculatorView.swift */; };
		A81ACB8D26AF308300C17F30 /* OnboardingView.swift in Sources */ = {isa = PBXBuildFile; fileRef = A81ACB8C26AF308300C17F30 /* OnboardingView.swift */; };
		A81ACB8F26AF310F00C17F30 /* LaunchView.swift in Sources */ = {isa = PBXBuildFile; fileRef = A81ACB8E26AF310F00C17F30 /* LaunchView.swift */; };
		A81ACB9126AF31B600C17F30 /* GeolocationOnboardingView.swift in Sources */ = {isa = PBXBuildFile; fileRef = A81ACB9026AF31B600C17F30 /* GeolocationOnboardingView.swift */; };
		A81ACB9326AF365700C17F30 /* MapViewContent.swift in Sources */ = {isa = PBXBuildFile; fileRef = A81ACB9226AF365700C17F30 /* MapViewContent.swift */; };
		A81ACB9526AF396700C17F30 /* DeviceIcon.swift in Sources */ = {isa = PBXBuildFile; fileRef = A81ACB9426AF396700C17F30 /* DeviceIcon.swift */; };
		A83E397426AE99DB008F5EFF /* EditingView.swift in Sources */ = {isa = PBXBuildFile; fileRef = A83E397326AE99DB008F5EFF /* EditingView.swift */; };
		A83E397626AEA031008F5EFF /* NormalMenuItem.swift in Sources */ = {isa = PBXBuildFile; fileRef = A83E397526AEA031008F5EFF /* NormalMenuItem.swift */; };
		A83E397926AEA4A9008F5EFF /* CenteredMenuItem.swift in Sources */ = {isa = PBXBuildFile; fileRef = A83E397826AEA4A9008F5EFF /* CenteredMenuItem.swift */; };
		A83E397B26AEA566008F5EFF /* PlainLikeButtonStyle.swift in Sources */ = {isa = PBXBuildFile; fileRef = A83E397A26AEA566008F5EFF /* PlainLikeButtonStyle.swift */; };
		A840F5C426AF4031009EB7A8 /* OnboardingAddFirstDeviceView.swift in Sources */ = {isa = PBXBuildFile; fileRef = A840F5C326AF4031009EB7A8 /* OnboardingAddFirstDeviceView.swift */; };
		A840F5C626AF4467009EB7A8 /* FullscreenPromptView.swift in Sources */ = {isa = PBXBuildFile; fileRef = A840F5C526AF4467009EB7A8 /* FullscreenPromptView.swift */; };
		A840F5C826AF544E009EB7A8 /* InputFieldViewModifier.swift in Sources */ = {isa = PBXBuildFile; fileRef = A840F5C726AF544E009EB7A8 /* InputFieldViewModifier.swift */; };
		A840F5CB26AF5961009EB7A8 /* PartialSheet in Frameworks */ = {isa = PBXBuildFile; productRef = A840F5CA26AF5961009EB7A8 /* PartialSheet */; };
		A840F5CD26AF6683009EB7A8 /* ChooseIconView.swift in Sources */ = {isa = PBXBuildFile; fileRef = A840F5CC26AF6683009EB7A8 /* ChooseIconView.swift */; };
		A840F5CF26AF872F009EB7A8 /* SheetTitle.swift in Sources */ = {isa = PBXBuildFile; fileRef = A840F5CE26AF872F009EB7A8 /* SheetTitle.swift */; };
		A840F5D126AF8EAB009EB7A8 /* IconEditField.swift in Sources */ = {isa = PBXBuildFile; fileRef = A840F5D026AF8EAB009EB7A8 /* IconEditField.swift */; };
		A8EF715926ADF33D00F0D1FD /* PersonalMobilityTravelTimeApp.swift in Sources */ = {isa = PBXBuildFile; fileRef = A8EF715826ADF33D00F0D1FD /* PersonalMobilityTravelTimeApp.swift */; };
		A8EF715D26ADF34000F0D1FD /* Assets.xcassets in Resources */ = {isa = PBXBuildFile; fileRef = A8EF715C26ADF34000F0D1FD /* Assets.xcassets */; };
		A8EF716026ADF34000F0D1FD /* Preview Assets.xcassets in Resources */ = {isa = PBXBuildFile; fileRef = A8EF715F26ADF34000F0D1FD /* Preview Assets.xcassets */; };
		A8EF716A26AE7D7500F0D1FD /* MobilityDevice.swift in Sources */ = {isa = PBXBuildFile; fileRef = A8EF716926AE7D7500F0D1FD /* MobilityDevice.swift */; };
		A8EF716D26AE7F4A00F0D1FD /* Constants.swift in Sources */ = {isa = PBXBuildFile; fileRef = A8EF716C26AE7F4A00F0D1FD /* Constants.swift */; };
		A8EF716F26AE808C00F0D1FD /* ContentModel.swift in Sources */ = {isa = PBXBuildFile; fileRef = A8EF716E26AE808C00F0D1FD /* ContentModel.swift */; };
		A8EF717126AE819A00F0D1FD /* CalculatorTabModel.swift in Sources */ = {isa = PBXBuildFile; fileRef = A8EF717026AE819A00F0D1FD /* CalculatorTabModel.swift */; };
		A8EF717326AE81EF00F0D1FD /* MapTabModel.swift in Sources */ = {isa = PBXBuildFile; fileRef = A8EF717226AE81EF00F0D1FD /* MapTabModel.swift */; };
		A8EF717D26AE931B00F0D1FD /* DeviceMenuItem.swift in Sources */ = {isa = PBXBuildFile; fileRef = A8EF717C26AE931B00F0D1FD /* DeviceMenuItem.swift */; };
		A8EF717F26AE970C00F0D1FD /* MenuLikeButtonStyle.swift in Sources */ = {isa = PBXBuildFile; fileRef = A8EF717E26AE970C00F0D1FD /* MenuLikeButtonStyle.swift */; };
		A8EF718126AE986F00F0D1FD /* SettingsView.swift in Sources */ = {isa = PBXBuildFile; fileRef = A8EF718026AE986F00F0D1FD /* SettingsView.swift */; };
/* End PBXBuildFile section */

/* Begin PBXFileReference section */
		A81ACB8826AF2F4500C17F30 /* MapView.swift */ = {isa = PBXFileReference; lastKnownFileType = sourcecode.swift; path = MapView.swift; sourceTree = "<group>"; };
		A81ACB8A26AF2F4F00C17F30 /* CalculatorView.swift */ = {isa = PBXFileReference; lastKnownFileType = sourcecode.swift; path = CalculatorView.swift; sourceTree = "<group>"; };
		A81ACB8C26AF308300C17F30 /* OnboardingView.swift */ = {isa = PBXFileReference; lastKnownFileType = sourcecode.swift; path = OnboardingView.swift; sourceTree = "<group>"; };
		A81ACB8E26AF310F00C17F30 /* LaunchView.swift */ = {isa = PBXFileReference; lastKnownFileType = sourcecode.swift; path = LaunchView.swift; sourceTree = "<group>"; };
		A81ACB9026AF31B600C17F30 /* GeolocationOnboardingView.swift */ = {isa = PBXFileReference; lastKnownFileType = sourcecode.swift; path = GeolocationOnboardingView.swift; sourceTree = "<group>"; };
		A81ACB9226AF365700C17F30 /* MapViewContent.swift */ = {isa = PBXFileReference; lastKnownFileType = sourcecode.swift; path = MapViewContent.swift; sourceTree = "<group>"; };
		A81ACB9426AF396700C17F30 /* DeviceIcon.swift */ = {isa = PBXFileReference; lastKnownFileType = sourcecode.swift; path = DeviceIcon.swift; sourceTree = "<group>"; };
		A83E397326AE99DB008F5EFF /* EditingView.swift */ = {isa = PBXFileReference; lastKnownFileType = sourcecode.swift; path = EditingView.swift; sourceTree = "<group>"; };
		A83E397526AEA031008F5EFF /* NormalMenuItem.swift */ = {isa = PBXFileReference; lastKnownFileType = sourcecode.swift; path = NormalMenuItem.swift; sourceTree = "<group>"; };
		A83E397826AEA4A9008F5EFF /* CenteredMenuItem.swift */ = {isa = PBXFileReference; lastKnownFileType = sourcecode.swift; path = CenteredMenuItem.swift; sourceTree = "<group>"; };
		A83E397A26AEA566008F5EFF /* PlainLikeButtonStyle.swift */ = {isa = PBXFileReference; lastKnownFileType = sourcecode.swift; path = PlainLikeButtonStyle.swift; sourceTree = "<group>"; };
		A840F5C326AF4031009EB7A8 /* OnboardingAddFirstDeviceView.swift */ = {isa = PBXFileReference; lastKnownFileType = sourcecode.swift; path = OnboardingAddFirstDeviceView.swift; sourceTree = "<group>"; };
		A840F5C526AF4467009EB7A8 /* FullscreenPromptView.swift */ = {isa = PBXFileReference; lastKnownFileType = sourcecode.swift; path = FullscreenPromptView.swift; sourceTree = "<group>"; };
		A840F5C726AF544E009EB7A8 /* InputFieldViewModifier.swift */ = {isa = PBXFileReference; lastKnownFileType = sourcecode.swift; path = InputFieldViewModifier.swift; sourceTree = "<group>"; };
		A840F5CC26AF6683009EB7A8 /* ChooseIconView.swift */ = {isa = PBXFileReference; lastKnownFileType = sourcecode.swift; path = ChooseIconView.swift; sourceTree = "<group>"; };
		A840F5CE26AF872F009EB7A8 /* SheetTitle.swift */ = {isa = PBXFileReference; lastKnownFileType = sourcecode.swift; path = SheetTitle.swift; sourceTree = "<group>"; };
		A840F5D026AF8EAB009EB7A8 /* IconEditField.swift */ = {isa = PBXFileReference; lastKnownFileType = sourcecode.swift; path = IconEditField.swift; sourceTree = "<group>"; };
		A8EF715526ADF33D00F0D1FD /* PersonalMobilityTravelTime.app */ = {isa = PBXFileReference; explicitFileType = wrapper.application; includeInIndex = 0; path = PersonalMobilityTravelTime.app; sourceTree = BUILT_PRODUCTS_DIR; };
		A8EF715826ADF33D00F0D1FD /* PersonalMobilityTravelTimeApp.swift */ = {isa = PBXFileReference; lastKnownFileType = sourcecode.swift; path = PersonalMobilityTravelTimeApp.swift; sourceTree = "<group>"; };
		A8EF715C26ADF34000F0D1FD /* Assets.xcassets */ = {isa = PBXFileReference; lastKnownFileType = folder.assetcatalog; path = Assets.xcassets; sourceTree = "<group>"; };
		A8EF715F26ADF34000F0D1FD /* Preview Assets.xcassets */ = {isa = PBXFileReference; lastKnownFileType = folder.assetcatalog; path = "Preview Assets.xcassets"; sourceTree = "<group>"; };
		A8EF716126ADF34000F0D1FD /* Info.plist */ = {isa = PBXFileReference; lastKnownFileType = text.plist.xml; path = Info.plist; sourceTree = "<group>"; };
		A8EF716926AE7D7500F0D1FD /* MobilityDevice.swift */ = {isa = PBXFileReference; lastKnownFileType = sourcecode.swift; path = MobilityDevice.swift; sourceTree = "<group>"; };
		A8EF716C26AE7F4A00F0D1FD /* Constants.swift */ = {isa = PBXFileReference; lastKnownFileType = sourcecode.swift; path = Constants.swift; sourceTree = "<group>"; };
		A8EF716E26AE808C00F0D1FD /* ContentModel.swift */ = {isa = PBXFileReference; lastKnownFileType = sourcecode.swift; path = ContentModel.swift; sourceTree = "<group>"; };
		A8EF717026AE819A00F0D1FD /* CalculatorTabModel.swift */ = {isa = PBXFileReference; lastKnownFileType = sourcecode.swift; path = CalculatorTabModel.swift; sourceTree = "<group>"; };
		A8EF717226AE81EF00F0D1FD /* MapTabModel.swift */ = {isa = PBXFileReference; lastKnownFileType = sourcecode.swift; path = MapTabModel.swift; sourceTree = "<group>"; };
		A8EF717C26AE931B00F0D1FD /* DeviceMenuItem.swift */ = {isa = PBXFileReference; lastKnownFileType = sourcecode.swift; path = DeviceMenuItem.swift; sourceTree = "<group>"; };
		A8EF717E26AE970C00F0D1FD /* MenuLikeButtonStyle.swift */ = {isa = PBXFileReference; lastKnownFileType = sourcecode.swift; path = MenuLikeButtonStyle.swift; sourceTree = "<group>"; };
		A8EF718026AE986F00F0D1FD /* SettingsView.swift */ = {isa = PBXFileReference; lastKnownFileType = sourcecode.swift; path = SettingsView.swift; sourceTree = "<group>"; };
/* End PBXFileReference section */

/* Begin PBXFrameworksBuildPhase section */
		A8EF715226ADF33D00F0D1FD /* Frameworks */ = {
			isa = PBXFrameworksBuildPhase;
			buildActionMask = 2147483647;
			files = (
				A840F5CB26AF5961009EB7A8 /* PartialSheet in Frameworks */,
			);
			runOnlyForDeploymentPostprocessing = 0;
		};
/* End PBXFrameworksBuildPhase section */

/* Begin PBXGroup section */
		A83E397726AEA431008F5EFF /* ButtonStyles */ = {
			isa = PBXGroup;
			children = (
				A8EF717E26AE970C00F0D1FD /* MenuLikeButtonStyle.swift */,
				A83E397A26AEA566008F5EFF /* PlainLikeButtonStyle.swift */,
			);
			path = ButtonStyles;
			sourceTree = "<group>";
		};
		A8EF714C26ADF33C00F0D1FD = {
			isa = PBXGroup;
			children = (
				A8EF715726ADF33D00F0D1FD /* PersonalMobilityTravelTime */,
				A8EF715626ADF33D00F0D1FD /* Products */,
			);
			sourceTree = "<group>";
		};
		A8EF715626ADF33D00F0D1FD /* Products */ = {
			isa = PBXGroup;
			children = (
				A8EF715526ADF33D00F0D1FD /* PersonalMobilityTravelTime.app */,
			);
			name = Products;
			sourceTree = "<group>";
		};
		A8EF715726ADF33D00F0D1FD /* PersonalMobilityTravelTime */ = {
			isa = PBXGroup;
			children = (
				A8EF715826ADF33D00F0D1FD /* PersonalMobilityTravelTimeApp.swift */,
				A8EF716B26AE7F3B00F0D1FD /* Helpers */,
				A8EF716826AE7D4200F0D1FD /* ViewModels */,
				A8EF716726AE7D3300F0D1FD /* Models */,
				A8EF717426AE929000F0D1FD /* Views */,
				A8EF715C26ADF34000F0D1FD /* Assets.xcassets */,
				A8EF716126ADF34000F0D1FD /* Info.plist */,
				A8EF715E26ADF34000F0D1FD /* Preview Content */,
			);
			path = PersonalMobilityTravelTime;
			sourceTree = "<group>";
		};
		A8EF715E26ADF34000F0D1FD /* Preview Content */ = {
			isa = PBXGroup;
			children = (
				A8EF715F26ADF34000F0D1FD /* Preview Assets.xcassets */,
			);
			path = "Preview Content";
			sourceTree = "<group>";
		};
		A8EF716726AE7D3300F0D1FD /* Models */ = {
			isa = PBXGroup;
			children = (
				A8EF716926AE7D7500F0D1FD /* MobilityDevice.swift */,
			);
			path = Models;
			sourceTree = "<group>";
		};
		A8EF716826AE7D4200F0D1FD /* ViewModels */ = {
			isa = PBXGroup;
			children = (
				A8EF716E26AE808C00F0D1FD /* ContentModel.swift */,
				A8EF717026AE819A00F0D1FD /* CalculatorTabModel.swift */,
				A8EF717226AE81EF00F0D1FD /* MapTabModel.swift */,
			);
			path = ViewModels;
			sourceTree = "<group>";
		};
		A8EF716B26AE7F3B00F0D1FD /* Helpers */ = {
			isa = PBXGroup;
			children = (
				A8EF716C26AE7F4A00F0D1FD /* Constants.swift */,
			);
			path = Helpers;
			sourceTree = "<group>";
		};
		A8EF717426AE929000F0D1FD /* Views */ = {
			isa = PBXGroup;
			children = (
				A8EF717926AE92F200F0D1FD /* Common */,
				A8EF717626AE929900F0D1FD /* Onboarding */,
				A8EF717726AE92A600F0D1FD /* Map */,
				A8EF717826AE92CC00F0D1FD /* Calculator */,
				A8EF717526AE929400F0D1FD /* Settings */,
				A81ACB8E26AF310F00C17F30 /* LaunchView.swift */,
			);
			path = Views;
			sourceTree = "<group>";
		};
		A8EF717526AE929400F0D1FD /* Settings */ = {
			isa = PBXGroup;
			children = (
				A8EF718026AE986F00F0D1FD /* SettingsView.swift */,
				A83E397326AE99DB008F5EFF /* EditingView.swift */,
				A840F5D026AF8EAB009EB7A8 /* IconEditField.swift */,
				A840F5CC26AF6683009EB7A8 /* ChooseIconView.swift */,
			);
			path = Settings;
			sourceTree = "<group>";
		};
		A8EF717626AE929900F0D1FD /* Onboarding */ = {
			isa = PBXGroup;
			children = (
				A81ACB8C26AF308300C17F30 /* OnboardingView.swift */,
				A840F5C326AF4031009EB7A8 /* OnboardingAddFirstDeviceView.swift */,
			);
			path = Onboarding;
			sourceTree = "<group>";
		};
		A8EF717726AE92A600F0D1FD /* Map */ = {
			isa = PBXGroup;
			children = (
				A81ACB8826AF2F4500C17F30 /* MapView.swift */,
				A81ACB9226AF365700C17F30 /* MapViewContent.swift */,
				A81ACB9026AF31B600C17F30 /* GeolocationOnboardingView.swift */,
			);
			path = Map;
			sourceTree = "<group>";
		};
		A8EF717826AE92CC00F0D1FD /* Calculator */ = {
			isa = PBXGroup;
			children = (
				A81ACB8A26AF2F4F00C17F30 /* CalculatorView.swift */,
			);
			path = Calculator;
			sourceTree = "<group>";
		};
		A8EF717926AE92F200F0D1FD /* Common */ = {
			isa = PBXGroup;
			children = (
				A83E397726AEA431008F5EFF /* ButtonStyles */,
				A8EF717B26AE930B00F0D1FD /* MenuItems */,
				A8EF717A26AE92FB00F0D1FD /* InputFields */,
				A81ACB9426AF396700C17F30 /* DeviceIcon.swift */,
				A840F5C526AF4467009EB7A8 /* FullscreenPromptView.swift */,
				A840F5CE26AF872F009EB7A8 /* SheetTitle.swift */,
			);
			path = Common;
			sourceTree = "<group>";
		};
		A8EF717A26AE92FB00F0D1FD /* InputFields */ = {
			isa = PBXGroup;
			children = (
				A840F5C726AF544E009EB7A8 /* InputFieldViewModifier.swift */,
			);
			path = InputFields;
			sourceTree = "<group>";
		};
		A8EF717B26AE930B00F0D1FD /* MenuItems */ = {
			isa = PBXGroup;
			children = (
				A8EF717C26AE931B00F0D1FD /* DeviceMenuItem.swift */,
				A83E397526AEA031008F5EFF /* NormalMenuItem.swift */,
				A83E397826AEA4A9008F5EFF /* CenteredMenuItem.swift */,
			);
			path = MenuItems;
			sourceTree = "<group>";
		};
/* End PBXGroup section */

/* Begin PBXNativeTarget section */
		A8EF715426ADF33D00F0D1FD /* PersonalMobilityTravelTime */ = {
			isa = PBXNativeTarget;
			buildConfigurationList = A8EF716426ADF34000F0D1FD /* Build configuration list for PBXNativeTarget "PersonalMobilityTravelTime" */;
			buildPhases = (
				A8EF715126ADF33D00F0D1FD /* Sources */,
				A8EF715226ADF33D00F0D1FD /* Frameworks */,
				A8EF715326ADF33D00F0D1FD /* Resources */,
			);
			buildRules = (
			);
			dependencies = (
			);
			name = PersonalMobilityTravelTime;
			packageProductDependencies = (
				A840F5CA26AF5961009EB7A8 /* PartialSheet */,
			);
			productName = PersonalMobilityTravelTime;
			productReference = A8EF715526ADF33D00F0D1FD /* PersonalMobilityTravelTime.app */;
			productType = "com.apple.product-type.application";
		};
/* End PBXNativeTarget section */

/* Begin PBXProject section */
		A8EF714D26ADF33C00F0D1FD /* Project object */ = {
			isa = PBXProject;
			attributes = {
				LastSwiftUpdateCheck = 1250;
				LastUpgradeCheck = 1250;
				TargetAttributes = {
					A8EF715426ADF33D00F0D1FD = {
						CreatedOnToolsVersion = 12.5.1;
					};
				};
			};
			buildConfigurationList = A8EF715026ADF33C00F0D1FD /* Build configuration list for PBXProject "PersonalMobilityTravelTime" */;
			compatibilityVersion = "Xcode 9.3";
			developmentRegion = en;
			hasScannedForEncodings = 0;
			knownRegions = (
				en,
				Base,
			);
			mainGroup = A8EF714C26ADF33C00F0D1FD;
			packageReferences = (
				A840F5C926AF5961009EB7A8 /* XCRemoteSwiftPackageReference "PartialSheet" */,
			);
			productRefGroup = A8EF715626ADF33D00F0D1FD /* Products */;
			projectDirPath = "";
			projectRoot = "";
			targets = (
				A8EF715426ADF33D00F0D1FD /* PersonalMobilityTravelTime */,
			);
		};
/* End PBXProject section */

/* Begin PBXResourcesBuildPhase section */
		A8EF715326ADF33D00F0D1FD /* Resources */ = {
			isa = PBXResourcesBuildPhase;
			buildActionMask = 2147483647;
			files = (
				A8EF716026ADF34000F0D1FD /* Preview Assets.xcassets in Resources */,
				A8EF715D26ADF34000F0D1FD /* Assets.xcassets in Resources */,
			);
			runOnlyForDeploymentPostprocessing = 0;
		};
/* End PBXResourcesBuildPhase section */

/* Begin PBXSourcesBuildPhase section */
		A8EF715126ADF33D00F0D1FD /* Sources */ = {
			isa = PBXSourcesBuildPhase;
			buildActionMask = 2147483647;
			files = (
				A81ACB9526AF396700C17F30 /* DeviceIcon.swift in Sources */,
				A83E397626AEA031008F5EFF /* NormalMenuItem.swift in Sources */,
				A81ACB8B26AF2F4F00C17F30 /* CalculatorView.swift in Sources */,
				A8EF716A26AE7D7500F0D1FD /* MobilityDevice.swift in Sources */,
				A83E397426AE99DB008F5EFF /* EditingView.swift in Sources */,
				A840F5C626AF4467009EB7A8 /* FullscreenPromptView.swift in Sources */,
				A83E397926AEA4A9008F5EFF /* CenteredMenuItem.swift in Sources */,
				A81ACB8F26AF310F00C17F30 /* LaunchView.swift in Sources */,
				A8EF717D26AE931B00F0D1FD /* DeviceMenuItem.swift in Sources */,
				A8EF717326AE81EF00F0D1FD /* MapTabModel.swift in Sources */,
				A8EF716F26AE808C00F0D1FD /* ContentModel.swift in Sources */,
				A81ACB8926AF2F4500C17F30 /* MapView.swift in Sources */,
				A8EF718126AE986F00F0D1FD /* SettingsView.swift in Sources */,
				A8EF717F26AE970C00F0D1FD /* MenuLikeButtonStyle.swift in Sources */,
				A81ACB9326AF365700C17F30 /* MapViewContent.swift in Sources */,
				A81ACB9126AF31B600C17F30 /* GeolocationOnboardingView.swift in Sources */,
				A8EF717126AE819A00F0D1FD /* CalculatorTabModel.swift in Sources */,
				A840F5C826AF544E009EB7A8 /* InputFieldViewModifier.swift in Sources */,
				A83E397B26AEA566008F5EFF /* PlainLikeButtonStyle.swift in Sources */,
				A840F5D126AF8EAB009EB7A8 /* IconEditField.swift in Sources */,
				A840F5CF26AF872F009EB7A8 /* SheetTitle.swift in Sources */,
				A81ACB8D26AF308300C17F30 /* OnboardingView.swift in Sources */,
				A840F5CD26AF6683009EB7A8 /* ChooseIconView.swift in Sources */,
				A8EF715926ADF33D00F0D1FD /* PersonalMobilityTravelTimeApp.swift in Sources */,
				A8EF716D26AE7F4A00F0D1FD /* Constants.swift in Sources */,
				A840F5C426AF4031009EB7A8 /* OnboardingAddFirstDeviceView.swift in Sources */,
			);
			runOnlyForDeploymentPostprocessing = 0;
		};
/* End PBXSourcesBuildPhase section */

/* Begin XCBuildConfiguration section */
		A8EF716226ADF34000F0D1FD /* Debug */ = {
			isa = XCBuildConfiguration;
			buildSettings = {
				ALWAYS_SEARCH_USER_PATHS = NO;
				CLANG_ANALYZER_NONNULL = YES;
				CLANG_ANALYZER_NUMBER_OBJECT_CONVERSION = YES_AGGRESSIVE;
				CLANG_CXX_LANGUAGE_STANDARD = "gnu++14";
				CLANG_CXX_LIBRARY = "libc++";
				CLANG_ENABLE_MODULES = YES;
				CLANG_ENABLE_OBJC_ARC = YES;
				CLANG_ENABLE_OBJC_WEAK = YES;
				CLANG_WARN_BLOCK_CAPTURE_AUTORELEASING = YES;
				CLANG_WARN_BOOL_CONVERSION = YES;
				CLANG_WARN_COMMA = YES;
				CLANG_WARN_CONSTANT_CONVERSION = YES;
				CLANG_WARN_DEPRECATED_OBJC_IMPLEMENTATIONS = YES;
				CLANG_WARN_DIRECT_OBJC_ISA_USAGE = YES_ERROR;
				CLANG_WARN_DOCUMENTATION_COMMENTS = YES;
				CLANG_WARN_EMPTY_BODY = YES;
				CLANG_WARN_ENUM_CONVERSION = YES;
				CLANG_WARN_INFINITE_RECURSION = YES;
				CLANG_WARN_INT_CONVERSION = YES;
				CLANG_WARN_NON_LITERAL_NULL_CONVERSION = YES;
				CLANG_WARN_OBJC_IMPLICIT_RETAIN_SELF = YES;
				CLANG_WARN_OBJC_LITERAL_CONVERSION = YES;
				CLANG_WARN_OBJC_ROOT_CLASS = YES_ERROR;
				CLANG_WARN_QUOTED_INCLUDE_IN_FRAMEWORK_HEADER = YES;
				CLANG_WARN_RANGE_LOOP_ANALYSIS = YES;
				CLANG_WARN_STRICT_PROTOTYPES = YES;
				CLANG_WARN_SUSPICIOUS_MOVE = YES;
				CLANG_WARN_UNGUARDED_AVAILABILITY = YES_AGGRESSIVE;
				CLANG_WARN_UNREACHABLE_CODE = YES;
				CLANG_WARN__DUPLICATE_METHOD_MATCH = YES;
				COPY_PHASE_STRIP = NO;
				DEBUG_INFORMATION_FORMAT = dwarf;
				ENABLE_STRICT_OBJC_MSGSEND = YES;
				ENABLE_TESTABILITY = YES;
				GCC_C_LANGUAGE_STANDARD = gnu11;
				GCC_DYNAMIC_NO_PIC = NO;
				GCC_NO_COMMON_BLOCKS = YES;
				GCC_OPTIMIZATION_LEVEL = 0;
				GCC_PREPROCESSOR_DEFINITIONS = (
					"DEBUG=1",
					"$(inherited)",
				);
				GCC_WARN_64_TO_32_BIT_CONVERSION = YES;
				GCC_WARN_ABOUT_RETURN_TYPE = YES_ERROR;
				GCC_WARN_UNDECLARED_SELECTOR = YES;
				GCC_WARN_UNINITIALIZED_AUTOS = YES_AGGRESSIVE;
				GCC_WARN_UNUSED_FUNCTION = YES;
				GCC_WARN_UNUSED_VARIABLE = YES;
				IPHONEOS_DEPLOYMENT_TARGET = 14.5;
				MTL_ENABLE_DEBUG_INFO = INCLUDE_SOURCE;
				MTL_FAST_MATH = YES;
				ONLY_ACTIVE_ARCH = YES;
				SDKROOT = iphoneos;
				SWIFT_ACTIVE_COMPILATION_CONDITIONS = DEBUG;
				SWIFT_OPTIMIZATION_LEVEL = "-Onone";
			};
			name = Debug;
		};
		A8EF716326ADF34000F0D1FD /* Release */ = {
			isa = XCBuildConfiguration;
			buildSettings = {
				ALWAYS_SEARCH_USER_PATHS = NO;
				CLANG_ANALYZER_NONNULL = YES;
				CLANG_ANALYZER_NUMBER_OBJECT_CONVERSION = YES_AGGRESSIVE;
				CLANG_CXX_LANGUAGE_STANDARD = "gnu++14";
				CLANG_CXX_LIBRARY = "libc++";
				CLANG_ENABLE_MODULES = YES;
				CLANG_ENABLE_OBJC_ARC = YES;
				CLANG_ENABLE_OBJC_WEAK = YES;
				CLANG_WARN_BLOCK_CAPTURE_AUTORELEASING = YES;
				CLANG_WARN_BOOL_CONVERSION = YES;
				CLANG_WARN_COMMA = YES;
				CLANG_WARN_CONSTANT_CONVERSION = YES;
				CLANG_WARN_DEPRECATED_OBJC_IMPLEMENTATIONS = YES;
				CLANG_WARN_DIRECT_OBJC_ISA_USAGE = YES_ERROR;
				CLANG_WARN_DOCUMENTATION_COMMENTS = YES;
				CLANG_WARN_EMPTY_BODY = YES;
				CLANG_WARN_ENUM_CONVERSION = YES;
				CLANG_WARN_INFINITE_RECURSION = YES;
				CLANG_WARN_INT_CONVERSION = YES;
				CLANG_WARN_NON_LITERAL_NULL_CONVERSION = YES;
				CLANG_WARN_OBJC_IMPLICIT_RETAIN_SELF = YES;
				CLANG_WARN_OBJC_LITERAL_CONVERSION = YES;
				CLANG_WARN_OBJC_ROOT_CLASS = YES_ERROR;
				CLANG_WARN_QUOTED_INCLUDE_IN_FRAMEWORK_HEADER = YES;
				CLANG_WARN_RANGE_LOOP_ANALYSIS = YES;
				CLANG_WARN_STRICT_PROTOTYPES = YES;
				CLANG_WARN_SUSPICIOUS_MOVE = YES;
				CLANG_WARN_UNGUARDED_AVAILABILITY = YES_AGGRESSIVE;
				CLANG_WARN_UNREACHABLE_CODE = YES;
				CLANG_WARN__DUPLICATE_METHOD_MATCH = YES;
				COPY_PHASE_STRIP = NO;
				DEBUG_INFORMATION_FORMAT = "dwarf-with-dsym";
				ENABLE_NS_ASSERTIONS = NO;
				ENABLE_STRICT_OBJC_MSGSEND = YES;
				GCC_C_LANGUAGE_STANDARD = gnu11;
				GCC_NO_COMMON_BLOCKS = YES;
				GCC_WARN_64_TO_32_BIT_CONVERSION = YES;
				GCC_WARN_ABOUT_RETURN_TYPE = YES_ERROR;
				GCC_WARN_UNDECLARED_SELECTOR = YES;
				GCC_WARN_UNINITIALIZED_AUTOS = YES_AGGRESSIVE;
				GCC_WARN_UNUSED_FUNCTION = YES;
				GCC_WARN_UNUSED_VARIABLE = YES;
				IPHONEOS_DEPLOYMENT_TARGET = 14.5;
				MTL_ENABLE_DEBUG_INFO = NO;
				MTL_FAST_MATH = YES;
				SDKROOT = iphoneos;
				SWIFT_COMPILATION_MODE = wholemodule;
				SWIFT_OPTIMIZATION_LEVEL = "-O";
				VALIDATE_PRODUCT = YES;
			};
			name = Release;
		};
		A8EF716526ADF34000F0D1FD /* Debug */ = {
			isa = XCBuildConfiguration;
			buildSettings = {
				ASSETCATALOG_COMPILER_APPICON_NAME = AppIcon;
				ASSETCATALOG_COMPILER_GLOBAL_ACCENT_COLOR_NAME = AccentColor;
				CODE_SIGN_STYLE = Automatic;
				DEVELOPMENT_ASSET_PATHS = "\"PersonalMobilityTravelTime/Preview Content\"";
				DEVELOPMENT_TEAM = HT298DTQAV;
				ENABLE_PREVIEWS = YES;
				INFOPLIST_FILE = PersonalMobilityTravelTime/Info.plist;
				IPHONEOS_DEPLOYMENT_TARGET = 14.0;
				LD_RUNPATH_SEARCH_PATHS = (
					"$(inherited)",
					"@executable_path/Frameworks",
				);
				PRODUCT_BUNDLE_IDENTIFIER = website.boutinov.PersonalMobilityTravelTime;
				PRODUCT_NAME = "$(TARGET_NAME)";
				SWIFT_VERSION = 5.0;
				TARGETED_DEVICE_FAMILY = "1,2";
			};
			name = Debug;
		};
		A8EF716626ADF34000F0D1FD /* Release */ = {
			isa = XCBuildConfiguration;
			buildSettings = {
				ASSETCATALOG_COMPILER_APPICON_NAME = AppIcon;
				ASSETCATALOG_COMPILER_GLOBAL_ACCENT_COLOR_NAME = AccentColor;
				CODE_SIGN_STYLE = Automatic;
				DEVELOPMENT_ASSET_PATHS = "\"PersonalMobilityTravelTime/Preview Content\"";
				DEVELOPMENT_TEAM = HT298DTQAV;
				ENABLE_PREVIEWS = YES;
				INFOPLIST_FILE = PersonalMobilityTravelTime/Info.plist;
				IPHONEOS_DEPLOYMENT_TARGET = 14.0;
				LD_RUNPATH_SEARCH_PATHS = (
					"$(inherited)",
					"@executable_path/Frameworks",
				);
				PRODUCT_BUNDLE_IDENTIFIER = website.boutinov.PersonalMobilityTravelTime;
				PRODUCT_NAME = "$(TARGET_NAME)";
				SWIFT_VERSION = 5.0;
				TARGETED_DEVICE_FAMILY = "1,2";
			};
			name = Release;
		};
/* End XCBuildConfiguration section */

/* Begin XCConfigurationList section */
		A8EF715026ADF33C00F0D1FD /* Build configuration list for PBXProject "PersonalMobilityTravelTime" */ = {
			isa = XCConfigurationList;
			buildConfigurations = (
				A8EF716226ADF34000F0D1FD /* Debug */,
				A8EF716326ADF34000F0D1FD /* Release */,
			);
			defaultConfigurationIsVisible = 0;
			defaultConfigurationName = Release;
		};
		A8EF716426ADF34000F0D1FD /* Build configuration list for PBXNativeTarget "PersonalMobilityTravelTime" */ = {
			isa = XCConfigurationList;
			buildConfigurations = (
				A8EF716526ADF34000F0D1FD /* Debug */,
				A8EF716626ADF34000F0D1FD /* Release */,
			);
			defaultConfigurationIsVisible = 0;
			defaultConfigurationName = Release;
		};
/* End XCConfigurationList section */

/* Begin XCRemoteSwiftPackageReference section */
		A840F5C926AF5961009EB7A8 /* XCRemoteSwiftPackageReference "PartialSheet" */ = {
			isa = XCRemoteSwiftPackageReference;
			repositoryURL = "https://github.com/AndreaMiotto/PartialSheet.git";
			requirement = {
				kind = upToNextMajorVersion;
				minimumVersion = 2.1.12;
			};
		};
/* End XCRemoteSwiftPackageReference section */

/* Begin XCSwiftPackageProductDependency section */
		A840F5CA26AF5961009EB7A8 /* PartialSheet */ = {
			isa = XCSwiftPackageProductDependency;
			package = A840F5C926AF5961009EB7A8 /* XCRemoteSwiftPackageReference "PartialSheet" */;
			productName = PartialSheet;
		};
/* End XCSwiftPackageProductDependency section */
	};
	rootObject = A8EF714D26ADF33C00F0D1FD /* Project object */;
}
